
Microsoft Visual Studio Solution File, Format Version 12.00
# Visual Studio Version 17
VisualStudioVersion = 17.9.34607.119
MinimumVisualStudioVersion = 10.0.40219.1
Project("{FAE04EC0-301F-11D3-BF4B-00C04F79EFBC}") = "Isaiah-Colon-CPT-206-Final-Project", "Isaiah-Colon-CPT-206-Final-Project\Isaiah-Colon-CPT-206-Final-Project.csproj", "{904F94EE-4764-4122-87B4-DE1642F5F00B}"
EndProject
Project("{00D1A9C2-B5F0-4AF3-8072-F6C62B433612}") = "CarStats", "CarStats\CarStats.sqlproj", "{04B35D76-24BF-4E01-A638-2DFB08E59804}"
EndProject
Global
	GlobalSection(SolutionConfigurationPlatforms) = preSolution
		Debug|Any CPU = Debug|Any CPU
		Release|Any CPU = Release|Any CPU
	EndGlobalSection
	GlobalSection(ProjectConfigurationPlatforms) = postSolution
		{904F94EE-4764-4122-87B4-DE1642F5F00B}.Debug|Any CPU.ActiveCfg = Debug|Any CPU
		{904F94EE-4764-4122-87B4-DE1642F5F00B}.Debug|Any CPU.Build.0 = Debug|Any CPU
		{904F94EE-4764-4122-87B4-DE1642F5F00B}.Release|Any CPU.ActiveCfg = Release|Any CPU
		{904F94EE-4764-4122-87B4-DE1642F5F00B}.Release|Any CPU.Build.0 = Release|Any CPU
		{04B35D76-24BF-4E01-A638-2DFB08E59804}.Debug|Any CPU.ActiveCfg = Debug|Any CPU
		{04B35D76-24BF-4E01-A638-2DFB08E59804}.Debug|Any CPU.Build.0 = Debug|Any CPU
		{04B35D76-24BF-4E01-A638-2DFB08E59804}.Debug|Any CPU.Deploy.0 = Debug|Any CPU
		{04B35D76-24BF-4E01-A638-2DFB08E59804}.Release|Any CPU.ActiveCfg = Release|Any CPU
		{04B35D76-24BF-4E01-A638-2DFB08E59804}.Release|Any CPU.Build.0 = Release|Any CPU
		{04B35D76-24BF-4E01-A638-2DFB08E59804}.Release|Any CPU.Deploy.0 = Release|Any CPU
	EndGlobalSection
	GlobalSection(SolutionProperties) = preSolution
		HideSolutionNode = FALSE
	EndGlobalSection
	GlobalSection(ExtensibilityGlobals) = postSolution
		SolutionGuid = {9510FFCD-91F3-48BD-8F69-0F3CFBAF94FF}
	EndGlobalSection
EndGlobal
